{
  "version": "5",
  "specifiers": {
    "jsr:@std/assert@^1.0.19": "1.0.19",
    "jsr:@std/internal@^1.0.12": "1.0.14",
    "npm:matrix-js-sdk@^42.3.0": "42.3.0"
  },
  "jsr": {
    "@std/assert@1.0.19": {
      "integrity": "eaada96ee120cb980bc47e040f82814d786fe8162ecc53c91d8df60b8755991e",
      "dependencies": [
        "jsr:@std/internal"
      ]
    },
    "@std/internal@1.0.14": {
      "integrity": "291516b3d4c35024d6ffbc0a9df5bf4c64116e05b50012cf846710152d2ffdf7"
    }
  },
  "npm": {
    "@babel/runtime@8.0.0": {
      "integrity": "sha512-sL6cvO2IfkSu/iU+zs2S/w01B7A8V7suXSIKEN4hPFFdZoiPGxrj5pAG0lCaqLWiEIrjKzdznIWuaLcxPR53qw=="
    },
    "@matrix-org/matrix-sdk-crypto-wasm@18.8.0": {
      "integrity": "sha512-J+bYzUqtkYSrIUbDT8Razf9F1gzlpC94qeC5LQlr9QmjrzyaErwlV9v7S+gtSOeDvJCdfP8ebEDaANHiVLCYQg=="
    },
    "@types/events@3.0.3": {
      "integrity": "sha512-trOc4AAUThEz9hapPtSd7wf5tiQKvTtu5b371UxXdTuqzIh0ArcRspRP0i0Viu+LXstIQ1z96t1nsPxT9ol01g=="
    },
    "another-json@0.2.0": {
      "integrity": "sha512-/Ndrl68UQLhnCdsAzEXLMFuOR546o2qbYRqCglaNHbjXrwG1ayTcdwr3zkSGOGtGXDyR5X9nCFfnyG2AFJIsqg=="
    },
    "base-x@5.0.1": {
      "integrity": "sha512-M7uio8Zt++eg3jPj+rHMfCC+IuygQHHCOU+IYsVtik6FWjuYpVt/+MRKcgsAMHh8mMFAwnB+Bs+mTrFiXjMzKg=="
    },
    "bs58@6.0.0": {
      "integrity": "sha512-PD0wEnEYg6ijszw/u8s+iI3H17cTymlrwkKhDhPZq+Sokl3AU4htyBFTjAeNAlCCmg0f53g6ih3jATyCKftTfw==",
      "dependencies": [
        "base-x"
      ]
    },
    "content-type@2.1.0": {
      "integrity": "sha512-mj7UPXE0jaqaOsukNZRUEfEi2AcL7C/vwmwcHV0O97eO1E1pxBZuyjlZrx5seTaNBg1U6+o35wpa35Qfcc+7ag=="
    },
    "events@3.3.0": {
      "integrity": "sha512-mQw+2fkQbALzQ7V0MY0IqdnXNOeTtP4r0lN9z7AAawCXgqea7bDii20AYrIBrFd/Hx0M2Ocz6S111CaFkUcb0Q=="
    },
    "is-network-error@1.3.2": {
      "integrity": "sha512-PhBY86zaxNZUuWP6h13Vu5oFe0XY6/UlKzQnYFELzGVHygP3MxmvTfYSG7GN3aIab/iWudSMgjSnG9Dq+nHrgA=="
    },
    "loglevel@1.9.2": {
      "integrity": "sha512-HgMmCqIJSAKqo68l0rS2AanEWfkxaZ5wNiEFb5ggm08lDs9Xl2KxBlX3PTcaD2chBM1gXAYf491/M2Rv8Jwayg=="
    },
    "matrix-events-sdk@0.0.1": {
      "integrity": "sha512-1QEOsXO+bhyCroIe2/A5OwaxHvBm7EsSQ46DEDn8RBIfQwN5HWBpFvyWWR4QY0KHPPnnJdI99wgRiAl7Ad5qaA=="
    },
    "matrix-js-sdk@42.3.0": {
      "integrity": "sha512-jXXFLlaA25zQ2oxXCgbAEubGC8KpF8OabSf387W0RXfkwqhNXEbU+veeUaZMT+bCbyE5nDxkN3iBy038VbntQg==",
      "dependencies": [
        "@babel/runtime",
        "@matrix-org/matrix-sdk-crypto-wasm",
        "another-json",
        "bs58",
        "content-type",
        "loglevel",
        "matrix-events-sdk",
        "matrix-widget-api",
        "p-retry",
        "sdp-transform",
        "unhomoglyph"
      ]
    },
    "matrix-widget-api@1.19.0": {
      "integrity": "sha512-Qe7L6G1mQJphBC47/Bzp5ljPIK1UARgLiuGgS+/KmEs/eaNHkQ3+ArD0/0kvMV+d6kCGAZ9OKRqsnuPjizI+tw==",
      "dependencies": [
        "@types/events",
        "events"
      ]
    },
    "p-retry@8.0.1": {
      "integrity": "sha512-NAigyu8hfvJe7MsS18mnc4is0MZtau3QMdBklaJKK23oBQb6occO3UPM3vHmTckW8KhfyjMZaUOqdTFEYliHgg==",
      "dependencies": [
        "is-network-error"
      ]
    },
    "sdp-transform@3.0.0": {
      "integrity": "sha512-gfYVRGxjHkGF2NPeUWHw5u6T/KGFtS5/drPms73gaSuMaVHKCY3lpLnGDfswVQO0kddeePoti09AwhYP4zA8dQ==",
      "bin": true
    },
    "unhomoglyph@1.0.6": {
      "integrity": "sha512-7uvcWI3hWshSADBu4JpnyYbTVc7YlhF5GDW/oPD5AxIxl34k4wXR3WDkPnzLxkN32LiTCTKMQLtKVZiwki3zGg=="
    }
  },
  "workspace": {
    "dependencies": [
      "jsr:@std/assert@^1.0.19"
    ],
    "members": {
      "merope-matrix-bot": {
        "dependencies": [
          "npm:matrix-js-sdk@^42.3.0"
        ]
      }
    }
  }
}
